
Microsoft Visual Studio Solution File, Format Version 12.00
Project("{FAE04EC0-301F-11D3-BF4B-00C04F79EFBC}") = "Family_tz", "Family_tz\Family_tz.csproj", "{0A8478B6-572E-4E83-8303-BA35CE7043A4}"
EndProject
Project("{FAE04EC0-301F-11D3-BF4B-00C04F79EFBC}") = "Family_migrations", "Family_migrations\Family_migrations.csproj", "{B54662C1-51A5-4BD7-A19F-01BC7EB437C6}"
EndProject
Global
	GlobalSection(SolutionConfigurationPlatforms) = preSolution
		Debug|Any CPU = Debug|Any CPU
		Release|Any CPU = Release|Any CPU
	EndGlobalSection
	GlobalSection(ProjectConfigurationPlatforms) = postSolution
		{0A8478B6-572E-4E83-8303-BA35CE7043A4}.Debug|Any CPU.ActiveCfg = Debug|Any CPU
		{0A8478B6-572E-4E83-8303-BA35CE7043A4}.Debug|Any CPU.Build.0 = Debug|Any CPU
		{0A8478B6-572E-4E83-8303-BA35CE7043A4}.Release|Any CPU.ActiveCfg = Release|Any CPU
		{0A8478B6-572E-4E83-8303-BA35CE7043A4}.Release|Any CPU.Build.0 = Release|Any CPU
		{B54662C1-51A5-4BD7-A19F-01BC7EB437C6}.Debug|Any CPU.ActiveCfg = Debug|Any CPU
		{B54662C1-51A5-4BD7-A19F-01BC7EB437C6}.Debug|Any CPU.Build.0 = Debug|Any CPU
		{B54662C1-51A5-4BD7-A19F-01BC7EB437C6}.Release|Any CPU.ActiveCfg = Release|Any CPU
		{B54662C1-51A5-4BD7-A19F-01BC7EB437C6}.Release|Any CPU.Build.0 = Release|Any CPU
	EndGlobalSection
EndGlobal
